// !$*UTF8*$!
{
	archiveVersion = 1;
	classes = {
	};
	objectVersion = 46;
	objects = {

/* Begin PBXBuildFile section */
		0B9B3D302768CF52BB311631 /* Pods_SmartIndia.framework in Frameworks */ = {isa = PBXBuildFile; fileRef = 2D8B983538F9FE9C401A3976 /* Pods_SmartIndia.framework */; };
		9C8A82DE1E82C8EE005A0DF1 /* AppDelegate.swift in Sources */ = {isa = PBXBuildFile; fileRef = 9C8A82DD1E82C8EE005A0DF1 /* AppDelegate.swift */; };
		9C8A82E31E82C8EE005A0DF1 /* Main.storyboard in Resources */ = {isa = PBXBuildFile; fileRef = 9C8A82E11E82C8EE005A0DF1 /* Main.storyboard */; };
		9C8A82E51E82C8EE005A0DF1 /* Assets.xcassets in Resources */ = {isa = PBXBuildFile; fileRef = 9C8A82E41E82C8EE005A0DF1 /* Assets.xcassets */; };
		9C8A82E81E82C8EE005A0DF1 /* LaunchScreen.storyboard in Resources */ = {isa = PBXBuildFile; fileRef = 9C8A82E61E82C8EE005A0DF1 /* LaunchScreen.storyboard */; };
		9C8A82F51E82D2AC005A0DF1 /* CardView.swift in Sources */ = {isa = PBXBuildFile; fileRef = 9C8A82F01E82D2AC005A0DF1 /* CardView.swift */; };
		9C8A82F71E82D2AC005A0DF1 /* MaterialTextField.swift in Sources */ = {isa = PBXBuildFile; fileRef = 9C8A82F21E82D2AC005A0DF1 /* MaterialTextField.swift */; };
		9C8A82F81E82D2AC005A0DF1 /* RectView.swift in Sources */ = {isa = PBXBuildFile; fileRef = 9C8A82F31E82D2AC005A0DF1 /* RectView.swift */; };
		9C8A82F91E82D2AC005A0DF1 /* TextField.swift in Sources */ = {isa = PBXBuildFile; fileRef = 9C8A82F41E82D2AC005A0DF1 /* TextField.swift */; };
		9CC6B91E1EC64DBB00867D6C /* BaseViewController.swift in Sources */ = {isa = PBXBuildFile; fileRef = 9CC6B91D1EC64DBB00867D6C /* BaseViewController.swift */; };
		9CC6B92A1EC64E9F00867D6C /* NetworkManager.swift in Sources */ = {isa = PBXBuildFile; fileRef = 9CC6B9211EC64E9F00867D6C /* NetworkManager.swift */; };
		9CC6B92C1EC64E9F00867D6C /* Constants.swift in Sources */ = {isa = PBXBuildFile; fileRef = 9CC6B9241EC64E9F00867D6C /* Constants.swift */; };
		9CC6B92D1EC64E9F00867D6C /* Enumerators.swift in Sources */ = {isa = PBXBuildFile; fileRef = 9CC6B9251EC64E9F00867D6C /* Enumerators.swift */; };
		9CC6B92E1EC64E9F00867D6C /* Extensions.swift in Sources */ = {isa = PBXBuildFile; fileRef = 9CC6B9261EC64E9F00867D6C /* Extensions.swift */; };
		9CC6B9301EC64E9F00867D6C /* Utils.swift in Sources */ = {isa = PBXBuildFile; fileRef = 9CC6B9281EC64E9F00867D6C /* Utils.swift */; };
		9CC6B9321EC6FE7400867D6C /* CircularImageview.swift in Sources */ = {isa = PBXBuildFile; fileRef = 9CC6B9311EC6FE7400867D6C /* CircularImageview.swift */; };
		9CC6B93C1EC7147300867D6C /* BaseRequest.swift in Sources */ = {isa = PBXBuildFile; fileRef = 9CC6B9351EC7147300867D6C /* BaseRequest.swift */; };
		9CC6B9401EC7147300867D6C /* User.swift in Sources */ = {isa = PBXBuildFile; fileRef = 9CC6B9391EC7147300867D6C /* User.swift */; };
		9CC6B9431EC715E200867D6C /* Team.swift in Sources */ = {isa = PBXBuildFile; fileRef = 9CC6B9421EC715E200867D6C /* Team.swift */; };
		9CC6B9451EC716C100867D6C /* Member.swift in Sources */ = {isa = PBXBuildFile; fileRef = 9CC6B9441EC716C100867D6C /* Member.swift */; };
		9CC6B9471EC7182F00867D6C /* Topic.swift in Sources */ = {isa = PBXBuildFile; fileRef = 9CC6B9461EC7182F00867D6C /* Topic.swift */; };
		9CC6B9491EC71A6000867D6C /* LoginRequest.swift in Sources */ = {isa = PBXBuildFile; fileRef = 9CC6B9481EC71A6000867D6C /* LoginRequest.swift */; };
		9CD319671EC743570074693F /* LoginViewController.swift in Sources */ = {isa = PBXBuildFile; fileRef = 9CD319661EC743570074693F /* LoginViewController.swift */; };
		9CD319691EC750BE0074693F /* Transform.swift in Sources */ = {isa = PBXBuildFile; fileRef = 9CD319681EC750BE0074693F /* Transform.swift */; };
		9CD3196C1EC751D40074693F /* TeamTableViewCell.swift in Sources */ = {isa = PBXBuildFile; fileRef = 9CD3196B1EC751D40074693F /* TeamTableViewCell.swift */; };
		9CD3196E1EC7593F0074693F /* AddTeamViewController.swift in Sources */ = {isa = PBXBuildFile; fileRef = 9CD3196D1EC7593F0074693F /* AddTeamViewController.swift */; };
		9CD319701EC75FD20074693F /* MemberListViewController.swift in Sources */ = {isa = PBXBuildFile; fileRef = 9CD3196F1EC75FD20074693F /* MemberListViewController.swift */; };
		9CD319721EC762560074693F /* MemberTableViewCell.swift in Sources */ = {isa = PBXBuildFile; fileRef = 9CD319711EC762560074693F /* MemberTableViewCell.swift */; };
		9CD319741EC766AD0074693F /* MemberViewController.swift in Sources */ = {isa = PBXBuildFile; fileRef = 9CD319731EC766AD0074693F /* MemberViewController.swift */; };
		9CD319761EC77B6B0074693F /* FeedbackViewController.swift in Sources */ = {isa = PBXBuildFile; fileRef = 9CD319751EC77B6B0074693F /* FeedbackViewController.swift */; };
		9CD319781EC781900074693F /* Feedback.swift in Sources */ = {isa = PBXBuildFile; fileRef = 9CD319771EC781900074693F /* Feedback.swift */; };
		9CD3197A1EC78AEE0074693F /* TopicViewController.swift in Sources */ = {isa = PBXBuildFile; fileRef = 9CD319791EC78AEE0074693F /* TopicViewController.swift */; };
		9CD3197C1EC78DE00074693F /* TopicTableViewCell.swift in Sources */ = {isa = PBXBuildFile; fileRef = 9CD3197B1EC78DE00074693F /* TopicTableViewCell.swift */; };
		9CD3197E1EC799320074693F /* TopicItemViewController.swift in Sources */ = {isa = PBXBuildFile; fileRef = 9CD3197D1EC799320074693F /* TopicItemViewController.swift */; };
		9CD319801EC7A4310074693F /* ConfirmationViewController.swift in Sources */ = {isa = PBXBuildFile; fileRef = 9CD3197F1EC7A4310074693F /* ConfirmationViewController.swift */; };
		9CD319821EC7B4D30074693F /* SaveTeamViewController.swift in Sources */ = {isa = PBXBuildFile; fileRef = 9CD319811EC7B4D30074693F /* SaveTeamViewController.swift */; };
		9CD319841EC7B7A70074693F /* RegisterViewController.swift in Sources */ = {isa = PBXBuildFile; fileRef = 9CD319831EC7B7A70074693F /* RegisterViewController.swift */; };
		9CD319861EC839690074693F /* Notification.swift in Sources */ = {isa = PBXBuildFile; fileRef = 9CD319851EC839690074693F /* Notification.swift */; };
		9CD3198B1EC840E50074693F /* NotificationsListViewController.swift in Sources */ = {isa = PBXBuildFile; fileRef = 9CD3198A1EC840E50074693F /* NotificationsListViewController.swift */; };
		9CD3198E1EC84D570074693F /* NotificationTableViewCell.swift in Sources */ = {isa = PBXBuildFile; fileRef = 9CD3198D1EC84D570074693F /* NotificationTableViewCell.swift */; };
		9CD319901EC859560074693F /* SwiftPicker.swift in Sources */ = {isa = PBXBuildFile; fileRef = 9CD3198F1EC859560074693F /* SwiftPicker.swift */; };
		9CD319941EC8A01E0074693F /* SettingsTableViewController.swift in Sources */ = {isa = PBXBuildFile; fileRef = 9CD319931EC8A01E0074693F /* SettingsTableViewController.swift */; };
		9CD319961EC8A36E0074693F /* WebViewController.swift in Sources */ = {isa = PBXBuildFile; fileRef = 9CD319951EC8A36E0074693F /* WebViewController.swift */; };
		9CE96B891EC99E470087B4D1 /* GoogleService-Info.plist in Resources */ = {isa = PBXBuildFile; fileRef = 9CE96B881EC99E470087B4D1 /* GoogleService-Info.plist */; };
		9CF175A81E845863000B42CE /* TeamListViewController.swift in Sources */ = {isa = PBXBuildFile; fileRef = 9CF175A71E845863000B42CE /* TeamListViewController.swift */; };
		9CF175AA1E845914000B42CE /* HomeViewController.swift in Sources */ = {isa = PBXBuildFile; fileRef = 9CF175A91E845914000B42CE /* HomeViewController.swift */; };
/* End PBXBuildFile section */

/* Begin PBXFileReference section */
		2D8B983538F9FE9C401A3976 /* Pods_SmartIndia.framework */ = {isa = PBXFileReference; explicitFileType = wrapper.framework; includeInIndex = 0; path = Pods_SmartIndia.framework; sourceTree = BUILT_PRODUCTS_DIR; };
		9C8A82DA1E82C8EE005A0DF1 /* SmartIndia.app */ = {isa = PBXFileReference; explicitFileType = wrapper.application; includeInIndex = 0; path = SmartIndia.app; sourceTree = BUILT_PRODUCTS_DIR; };
		9C8A82DD1E82C8EE005A0DF1 /* AppDelegate.swift */ = {isa = PBXFileReference; lastKnownFileType = sourcecode.swift; path = AppDelegate.swift; sourceTree = "<group>"; };
		9C8A82E21E82C8EE005A0DF1 /* Base */ = {isa = PBXFileReference; lastKnownFileType = file.storyboard; name = Base; path = Base.lproj/Main.storyboard; sourceTree = "<group>"; };
		9C8A82E41E82C8EE005A0DF1 /* Assets.xcassets */ = {isa = PBXFileReference; lastKnownFileType = folder.assetcatalog; path = Assets.xcassets; sourceTree = "<group>"; };
		9C8A82E71E82C8EE005A0DF1 /* Base */ = {isa = PBXFileReference; lastKnownFileType = file.storyboard; name = Base; path = Base.lproj/LaunchScreen.storyboard; sourceTree = "<group>"; };
		9C8A82E91E82C8EE005A0DF1 /* Info.plist */ = {isa = PBXFileReference; lastKnownFileType = text.plist.xml; path = Info.plist; sourceTree = "<group>"; };
		9C8A82F01E82D2AC005A0DF1 /* CardView.swift */ = {isa = PBXFileReference; fileEncoding = 4; lastKnownFileType = sourcecode.swift; path = CardView.swift; sourceTree = "<group>"; };
		9C8A82F21E82D2AC005A0DF1 /* MaterialTextField.swift */ = {isa = PBXFileReference; fileEncoding = 4; lastKnownFileType = sourcecode.swift; path = MaterialTextField.swift; sourceTree = "<group>"; };
		9C8A82F31E82D2AC005A0DF1 /* RectView.swift */ = {isa = PBXFileReference; fileEncoding = 4; lastKnownFileType = sourcecode.swift; path = RectView.swift; sourceTree = "<group>"; };
		9C8A82F41E82D2AC005A0DF1 /* TextField.swift */ = {isa = PBXFileReference; fileEncoding = 4; lastKnownFileType = sourcecode.swift; path = TextField.swift; sourceTree = "<group>"; };
		9CC6B91D1EC64DBB00867D6C /* BaseViewController.swift */ = {isa = PBXFileReference; fileEncoding = 4; lastKnownFileType = sourcecode.swift; path = BaseViewController.swift; sourceTree = "<group>"; };
		9CC6B9211EC64E9F00867D6C /* NetworkManager.swift */ = {isa = PBXFileReference; fileEncoding = 4; lastKnownFileType = sourcecode.swift; path = NetworkManager.swift; sourceTree = "<group>"; };
		9CC6B9241EC64E9F00867D6C /* Constants.swift */ = {isa = PBXFileReference; fileEncoding = 4; lastKnownFileType = sourcecode.swift; path = Constants.swift; sourceTree = "<group>"; };
		9CC6B9251EC64E9F00867D6C /* Enumerators.swift */ = {isa = PBXFileReference; fileEncoding = 4; lastKnownFileType = sourcecode.swift; path = Enumerators.swift; sourceTree = "<group>"; };
		9CC6B9261EC64E9F00867D6C /* Extensions.swift */ = {isa = PBXFileReference; fileEncoding = 4; lastKnownFileType = sourcecode.swift; path = Extensions.swift; sourceTree = "<group>"; };
		9CC6B9281EC64E9F00867D6C /* Utils.swift */ = {isa = PBXFileReference; fileEncoding = 4; lastKnownFileType = sourcecode.swift; path = Utils.swift; sourceTree = "<group>"; };
		9CC6B9311EC6FE7400867D6C /* CircularImageview.swift */ = {isa = PBXFileReference; fileEncoding = 4; lastKnownFileType = sourcecode.swift; path = CircularImageview.swift; sourceTree = "<group>"; };
		9CC6B9351EC7147300867D6C /* BaseRequest.swift */ = {isa = PBXFileReference; fileEncoding = 4; lastKnownFileType = sourcecode.swift; path = BaseRequest.swift; sourceTree = "<group>"; };
		9CC6B9391EC7147300867D6C /* User.swift */ = {isa = PBXFileReference; fileEncoding = 4; lastKnownFileType = sourcecode.swift; path = User.swift; sourceTree = "<group>"; };
		9CC6B9421EC715E200867D6C /* Team.swift */ = {isa = PBXFileReference; fileEncoding = 4; lastKnownFileType = sourcecode.swift; path = Team.swift; sourceTree = "<group>"; };
		9CC6B9441EC716C100867D6C /* Member.swift */ = {isa = PBXFileReference; fileEncoding = 4; lastKnownFileType = sourcecode.swift; path = Member.swift; sourceTree = "<group>"; };
		9CC6B9461EC7182F00867D6C /* Topic.swift */ = {isa = PBXFileReference; fileEncoding = 4; lastKnownFileType = sourcecode.swift; path = Topic.swift; sourceTree = "<group>"; };
		9CC6B9481EC71A6000867D6C /* LoginRequest.swift */ = {isa = PBXFileReference; fileEncoding = 4; lastKnownFileType = sourcecode.swift; path = LoginRequest.swift; sourceTree = "<group>"; };
		9CD319661EC743570074693F /* LoginViewController.swift */ = {isa = PBXFileReference; fileEncoding = 4; lastKnownFileType = sourcecode.swift; path = LoginViewController.swift; sourceTree = "<group>"; };
		9CD319681EC750BE0074693F /* Transform.swift */ = {isa = PBXFileReference; fileEncoding = 4; lastKnownFileType = sourcecode.swift; name = Transform.swift; path = ../Models/Transform.swift; sourceTree = "<group>"; };
		9CD3196B1EC751D40074693F /* TeamTableViewCell.swift */ = {isa = PBXFileReference; fileEncoding = 4; lastKnownFileType = sourcecode.swift; path = TeamTableViewCell.swift; sourceTree = "<group>"; };
		9CD3196D1EC7593F0074693F /* AddTeamViewController.swift */ = {isa = PBXFileReference; fileEncoding = 4; lastKnownFileType = sourcecode.swift; path = AddTeamViewController.swift; sourceTree = "<group>"; };
		9CD3196F1EC75FD20074693F /* MemberListViewController.swift */ = {isa = PBXFileReference; fileEncoding = 4; lastKnownFileType = sourcecode.swift; path = MemberListViewController.swift; sourceTree = "<group>"; };
		9CD319711EC762560074693F /* MemberTableViewCell.swift */ = {isa = PBXFileReference; fileEncoding = 4; lastKnownFileType = sourcecode.swift; path = MemberTableViewCell.swift; sourceTree = "<group>"; };
		9CD319731EC766AD0074693F /* MemberViewController.swift */ = {isa = PBXFileReference; fileEncoding = 4; lastKnownFileType = sourcecode.swift; path = MemberViewController.swift; sourceTree = "<group>"; };
		9CD319751EC77B6B0074693F /* FeedbackViewController.swift */ = {isa = PBXFileReference; fileEncoding = 4; lastKnownFileType = sourcecode.swift; path = FeedbackViewController.swift; sourceTree = "<group>"; };
		9CD319771EC781900074693F /* Feedback.swift */ = {isa = PBXFileReference; fileEncoding = 4; lastKnownFileType = sourcecode.swift; path = Feedback.swift; sourceTree = "<group>"; };
		9CD319791EC78AEE0074693F /* TopicViewController.swift */ = {isa = PBXFileReference; fileEncoding = 4; lastKnownFileType = sourcecode.swift; path = TopicViewController.swift; sourceTree = "<group>"; };
		9CD3197B1EC78DE00074693F /* TopicTableViewCell.swift */ = {isa = PBXFileReference; fileEncoding = 4; lastKnownFileType = sourcecode.swift; path = TopicTableViewCell.swift; sourceTree = "<group>"; };
		9CD3197D1EC799320074693F /* TopicItemViewController.swift */ = {isa = PBXFileReference; fileEncoding = 4; lastKnownFileType = sourcecode.swift; path = TopicItemViewController.swift; sourceTree = "<group>"; };
		9CD3197F1EC7A4310074693F /* ConfirmationViewController.swift */ = {isa = PBXFileReference; fileEncoding = 4; lastKnownFileType = sourcecode.swift; path = ConfirmationViewController.swift; sourceTree = "<group>"; };
		9CD319811EC7B4D30074693F /* SaveTeamViewController.swift */ = {isa = PBXFileReference; fileEncoding = 4; lastKnownFileType = sourcecode.swift; path = SaveTeamViewController.swift; sourceTree = "<group>"; };
		9CD319831EC7B7A70074693F /* RegisterViewController.swift */ = {isa = PBXFileReference; fileEncoding = 4; lastKnownFileType = sourcecode.swift; path = RegisterViewController.swift; sourceTree = "<group>"; };
		9CD319851EC839690074693F /* Notification.swift */ = {isa = PBXFileReference; fileEncoding = 4; lastKnownFileType = sourcecode.swift; path = Notification.swift; sourceTree = "<group>"; };
		9CD3198A1EC840E50074693F /* NotificationsListViewController.swift */ = {isa = PBXFileReference; fileEncoding = 4; lastKnownFileType = sourcecode.swift; path = NotificationsListViewController.swift; sourceTree = "<group>"; };
		9CD3198C1EC84B1E0074693F /* SmartIndia.entitlements */ = {isa = PBXFileReference; lastKnownFileType = text.plist.entitlements; path = SmartIndia.entitlements; sourceTree = "<group>"; };
		9CD3198D1EC84D570074693F /* NotificationTableViewCell.swift */ = {isa = PBXFileReference; fileEncoding = 4; lastKnownFileType = sourcecode.swift; path = NotificationTableViewCell.swift; sourceTree = "<group>"; };
		9CD3198F1EC859560074693F /* SwiftPicker.swift */ = {isa = PBXFileReference; fileEncoding = 4; lastKnownFileType = sourcecode.swift; path = SwiftPicker.swift; sourceTree = "<group>"; };
		9CD319931EC8A01E0074693F /* SettingsTableViewController.swift */ = {isa = PBXFileReference; fileEncoding = 4; lastKnownFileType = sourcecode.swift; path = SettingsTableViewController.swift; sourceTree = "<group>"; };
		9CD319951EC8A36E0074693F /* WebViewController.swift */ = {isa = PBXFileReference; fileEncoding = 4; lastKnownFileType = sourcecode.swift; path = WebViewController.swift; sourceTree = "<group>"; };
		9CE96B881EC99E470087B4D1 /* GoogleService-Info.plist */ = {isa = PBXFileReference; fileEncoding = 4; lastKnownFileType = text.plist.xml; path = "GoogleService-Info.plist"; sourceTree = "<group>"; };
		9CF175A71E845863000B42CE /* TeamListViewController.swift */ = {isa = PBXFileReference; fileEncoding = 4; lastKnownFileType = sourcecode.swift; path = TeamListViewController.swift; sourceTree = "<group>"; };
		9CF175A91E845914000B42CE /* HomeViewController.swift */ = {isa = PBXFileReference; fileEncoding = 4; lastKnownFileType = sourcecode.swift; path = HomeViewController.swift; sourceTree = "<group>"; };
		AAB0E05991ECCAED3BCB814C /* Pods-SmartIndia.debug.xcconfig */ = {isa = PBXFileReference; includeInIndex = 1; lastKnownFileType = text.xcconfig; name = "Pods-SmartIndia.debug.xcconfig"; path = "Pods/Target Support Files/Pods-SmartIndia/Pods-SmartIndia.debug.xcconfig"; sourceTree = "<group>"; };
		E0507EB2A3273A581281CEA4 /* Pods-SmartIndia.release.xcconfig */ = {isa = PBXFileReference; includeInIndex = 1; lastKnownFileType = text.xcconfig; name = "Pods-SmartIndia.release.xcconfig"; path = "Pods/Target Support Files/Pods-SmartIndia/Pods-SmartIndia.release.xcconfig"; sourceTree = "<group>"; };
/* End PBXFileReference section */

/* Begin PBXFrameworksBuildPhase section */
		9C8A82D71E82C8EE005A0DF1 /* Frameworks */ = {
			isa = PBXFrameworksBuildPhase;
			buildActionMask = 2147483647;
			files = (
				0B9B3D302768CF52BB311631 /* Pods_SmartIndia.framework in Frameworks */,
			);
			runOnlyForDeploymentPostprocessing = 0;
		};
/* End PBXFrameworksBuildPhase section */

/* Begin PBXGroup section */
		68FF223E0C35CB5D271554A7 /* Frameworks */ = {
			isa = PBXGroup;
			children = (
				2D8B983538F9FE9C401A3976 /* Pods_SmartIndia.framework */,
			);
			name = Frameworks;
			sourceTree = "<group>";
		};
		9C8A82D11E82C8EE005A0DF1 = {
			isa = PBXGroup;
			children = (
				9C8A82DC1E82C8EE005A0DF1 /* SmartIndia */,
				9C8A82DB1E82C8EE005A0DF1 /* Products */,
				AD03B5015A2546B82090FA18 /* Pods */,
				68FF223E0C35CB5D271554A7 /* Frameworks */,
			);
			sourceTree = "<group>";
		};
		9C8A82DB1E82C8EE005A0DF1 /* Products */ = {
			isa = PBXGroup;
			children = (
				9C8A82DA1E82C8EE005A0DF1 /* SmartIndia.app */,
			);
			name = Products;
			sourceTree = "<group>";
		};
		9C8A82DC1E82C8EE005A0DF1 /* SmartIndia */ = {
			isa = PBXGroup;
			children = (
				9CD3198C1EC84B1E0074693F /* SmartIndia.entitlements */,
				9CC6B9221EC64E9F00867D6C /* Utils */,
				9CC6B91F1EC64E9F00867D6C /* Managers */,
				9CC6B9331EC7147300867D6C /* Models */,
				9C8A82EF1E82D2AC005A0DF1 /* Views */,
				9CF175A41E845836000B42CE /* Controllers */,
				9C8A82DD1E82C8EE005A0DF1 /* AppDelegate.swift */,
				9C8A82E11E82C8EE005A0DF1 /* Main.storyboard */,
				9C8A82E41E82C8EE005A0DF1 /* Assets.xcassets */,
				9C8A82E61E82C8EE005A0DF1 /* LaunchScreen.storyboard */,
				9C8A82E91E82C8EE005A0DF1 /* Info.plist */,
				9CE96B881EC99E470087B4D1 /* GoogleService-Info.plist */,
			);
			path = SmartIndia;
			sourceTree = "<group>";
		};
		9C8A82EF1E82D2AC005A0DF1 /* Views */ = {
			isa = PBXGroup;
			children = (
				9CD3196A1EC751A60074693F /* TableViewCell */,
				9CC6B9311EC6FE7400867D6C /* CircularImageview.swift */,
				9C8A82F01E82D2AC005A0DF1 /* CardView.swift */,
				9C8A82F21E82D2AC005A0DF1 /* MaterialTextField.swift */,
				9C8A82F31E82D2AC005A0DF1 /* RectView.swift */,
				9C8A82F41E82D2AC005A0DF1 /* TextField.swift */,
			);
			path = Views;
			sourceTree = "<group>";
		};
		9CC6B91F1EC64E9F00867D6C /* Managers */ = {
			isa = PBXGroup;
			children = (
				9CC6B9211EC64E9F00867D6C /* NetworkManager.swift */,
			);
			path = Managers;
			sourceTree = "<group>";
		};
		9CC6B9221EC64E9F00867D6C /* Utils */ = {
			isa = PBXGroup;
			children = (
				9CC6B9241EC64E9F00867D6C /* Constants.swift */,
				9CC6B9251EC64E9F00867D6C /* Enumerators.swift */,
				9CC6B9261EC64E9F00867D6C /* Extensions.swift */,
				9CC6B9281EC64E9F00867D6C /* Utils.swift */,
				9CD319681EC750BE0074693F /* Transform.swift */,
			);
			path = Utils;
			sourceTree = "<group>";
		};
		9CC6B9331EC7147300867D6C /* Models */ = {
			isa = PBXGroup;
			children = (
				9CC6B9351EC7147300867D6C /* BaseRequest.swift */,
				9CC6B9391EC7147300867D6C /* User.swift */,
				9CC6B9441EC716C100867D6C /* Member.swift */,
				9CC6B9421EC715E200867D6C /* Team.swift */,
				9CC6B9481EC71A6000867D6C /* LoginRequest.swift */,
				9CC6B9461EC7182F00867D6C /* Topic.swift */,
				9CD319771EC781900074693F /* Feedback.swift */,
				9CD319851EC839690074693F /* Notification.swift */,
			);
			path = Models;
			sourceTree = "<group>";
		};
		9CD3196A1EC751A60074693F /* TableViewCell */ = {
			isa = PBXGroup;
			children = (
				9CD3196B1EC751D40074693F /* TeamTableViewCell.swift */,
				9CD319711EC762560074693F /* MemberTableViewCell.swift */,
				9CD3197B1EC78DE00074693F /* TopicTableViewCell.swift */,
				9CD3198D1EC84D570074693F /* NotificationTableViewCell.swift */,
			);
			name = TableViewCell;
			sourceTree = "<group>";
		};
		9CF175A41E845836000B42CE /* Controllers */ = {
			isa = PBXGroup;
			children = (
				9CC6B91D1EC64DBB00867D6C /* BaseViewController.swift */,
				9CD319661EC743570074693F /* LoginViewController.swift */,
				9CD319831EC7B7A70074693F /* RegisterViewController.swift */,
				9CF175A91E845914000B42CE /* HomeViewController.swift */,
				9CF175A71E845863000B42CE /* TeamListViewController.swift */,
				9CD3196D1EC7593F0074693F /* AddTeamViewController.swift */,
				9CD3196F1EC75FD20074693F /* MemberListViewController.swift */,
				9CD319731EC766AD0074693F /* MemberViewController.swift */,
				9CD319811EC7B4D30074693F /* SaveTeamViewController.swift */,
				9CD319751EC77B6B0074693F /* FeedbackViewController.swift */,
				9CD319791EC78AEE0074693F /* TopicViewController.swift */,
				9CD3197D1EC799320074693F /* TopicItemViewController.swift */,
				9CD3198A1EC840E50074693F /* NotificationsListViewController.swift */,
				9CD319931EC8A01E0074693F /* SettingsTableViewController.swift */,
				9CD3198F1EC859560074693F /* SwiftPicker.swift */,
				9CD3197F1EC7A4310074693F /* ConfirmationViewController.swift */,
				9CD319951EC8A36E0074693F /* WebViewController.swift */,
			);
			path = Controllers;
			sourceTree = "<group>";
		};
		AD03B5015A2546B82090FA18 /* Pods */ = {
			isa = PBXGroup;
			children = (
				AAB0E05991ECCAED3BCB814C /* Pods-SmartIndia.debug.xcconfig */,
				E0507EB2A3273A581281CEA4 /* Pods-SmartIndia.release.xcconfig */,
			);
			name = Pods;
			sourceTree = "<group>";
		};
/* End PBXGroup section */

/* Begin PBXNativeTarget section */
		9C8A82D91E82C8EE005A0DF1 /* SmartIndia */ = {
			isa = PBXNativeTarget;
			buildConfigurationList = 9C8A82EC1E82C8EE005A0DF1 /* Build configuration list for PBXNativeTarget "SmartIndia" */;
			buildPhases = (
				23F9726F601B40B9F3C06F36 /* [CP] Check Pods Manifest.lock */,
				9C8A82D61E82C8EE005A0DF1 /* Sources */,
				9C8A82D71E82C8EE005A0DF1 /* Frameworks */,
				9C8A82D81E82C8EE005A0DF1 /* Resources */,
				BD195257D14ED5C43EB7C8F2 /* [CP] Embed Pods Frameworks */,
				A80428526EADA20395B78172 /* [CP] Copy Pods Resources */,
			);
			buildRules = (
			);
			dependencies = (
			);
			name = SmartIndia;
			productName = SmartIndia;
			productReference = 9C8A82DA1E82C8EE005A0DF1 /* SmartIndia.app */;
			productType = "com.apple.product-type.application";
		};
/* End PBXNativeTarget section */

/* Begin PBXProject section */
		9C8A82D21E82C8EE005A0DF1 /* Project object */ = {
			isa = PBXProject;
			attributes = {
				LastSwiftUpdateCheck = 0820;
				LastUpgradeCheck = 0820;
				ORGANIZATIONNAME = "Eldhose Lomy";
				TargetAttributes = {
					9C8A82D91E82C8EE005A0DF1 = {
						CreatedOnToolsVersion = 8.2.1;
						DevelopmentTeam = H4CEBLYLMB;
						ProvisioningStyle = Manual;
						SystemCapabilities = {
							com.apple.Push = {
								enabled = 1;
							};
						};
					};
				};
			};
			buildConfigurationList = 9C8A82D51E82C8EE005A0DF1 /* Build configuration list for PBXProject "SmartIndia" */;
			compatibilityVersion = "Xcode 3.2";
			developmentRegion = English;
			hasScannedForEncodings = 0;
			knownRegions = (
				en,
				Base,
			);
			mainGroup = 9C8A82D11E82C8EE005A0DF1;
			productRefGroup = 9C8A82DB1E82C8EE005A0DF1 /* Products */;
			projectDirPath = "";
			projectRoot = "";
			targets = (
				9C8A82D91E82C8EE005A0DF1 /* SmartIndia */,
			);
		};
/* End PBXProject section */

/* Begin PBXResourcesBuildPhase section */
		9C8A82D81E82C8EE005A0DF1 /* Resources */ = {
			isa = PBXResourcesBuildPhase;
			buildActionMask = 2147483647;
			files = (
				9C8A82E81E82C8EE005A0DF1 /* LaunchScreen.storyboard in Resources */,
				9CE96B891EC99E470087B4D1 /* GoogleService-Info.plist in Resources */,
				9C8A82E51E82C8EE005A0DF1 /* Assets.xcassets in Resources */,
				9C8A82E31E82C8EE005A0DF1 /* Main.storyboard in Resources */,
			);
			runOnlyForDeploymentPostprocessing = 0;
		};
/* End PBXResourcesBuildPhase section */

/* Begin PBXShellScriptBuildPhase section */
		23F9726F601B40B9F3C06F36 /* [CP] Check Pods Manifest.lock */ = {
			isa = PBXShellScriptBuildPhase;
			buildActionMask = 2147483647;
			files = (
			);
			inputPaths = (
			);
			name = "[CP] Check Pods Manifest.lock";
			outputPaths = (
			);
			runOnlyForDeploymentPostprocessing = 0;
			shellPath = /bin/sh;
			shellScript = "diff \"${PODS_ROOT}/../Podfile.lock\" \"${PODS_ROOT}/Manifest.lock\" > /dev/null\nif [ $? != 0 ] ; then\n    # print error to STDERR\n    echo \"error: The sandbox is not in sync with the Podfile.lock. Run 'pod install' or update your CocoaPods installation.\" >&2\n    exit 1\nfi\n";
			showEnvVarsInLog = 0;
		};
		A80428526EADA20395B78172 /* [CP] Copy Pods Resources */ = {
			isa = PBXShellScriptBuildPhase;
			buildActionMask = 2147483647;
			files = (
			);
			inputPaths = (
			);
			name = "[CP] Copy Pods Resources";
			outputPaths = (
			);
			runOnlyForDeploymentPostprocessing = 0;
			shellPath = /bin/sh;
			shellScript = "\"${SRCROOT}/Pods/Target Support Files/Pods-SmartIndia/Pods-SmartIndia-resources.sh\"\n";
			showEnvVarsInLog = 0;
		};
		BD195257D14ED5C43EB7C8F2 /* [CP] Embed Pods Frameworks */ = {
			isa = PBXShellScriptBuildPhase;
			buildActionMask = 2147483647;
			files = (
			);
			inputPaths = (
			);
			name = "[CP] Embed Pods Frameworks";
			outputPaths = (
			);
			runOnlyForDeploymentPostprocessing = 0;
			shellPath = /bin/sh;
			shellScript = "\"${SRCROOT}/Pods/Target Support Files/Pods-SmartIndia/Pods-SmartIndia-frameworks.sh\"\n";
			showEnvVarsInLog = 0;
		};
/* End PBXShellScriptBuildPhase section */

/* Begin PBXSourcesBuildPhase section */
		9C8A82D61E82C8EE005A0DF1 /* Sources */ = {
			isa = PBXSourcesBuildPhase;
			buildActionMask = 2147483647;
			files = (
				9CD319691EC750BE0074693F /* Transform.swift in Sources */,
				9CD319671EC743570074693F /* LoginViewController.swift in Sources */,
				9CD319781EC781900074693F /* Feedback.swift in Sources */,
				9C8A82F71E82D2AC005A0DF1 /* MaterialTextField.swift in Sources */,
				9CD319761EC77B6B0074693F /* FeedbackViewController.swift in Sources */,
				9CD3198B1EC840E50074693F /* NotificationsListViewController.swift in Sources */,
				9CD3198E1EC84D570074693F /* NotificationTableViewCell.swift in Sources */,
				9CD3197E1EC799320074693F /* TopicItemViewController.swift in Sources */,
				9CF175A81E845863000B42CE /* TeamListViewController.swift in Sources */,
				9CC6B9431EC715E200867D6C /* Team.swift in Sources */,
				9CD319821EC7B4D30074693F /* SaveTeamViewController.swift in Sources */,
				9CD3196C1EC751D40074693F /* TeamTableViewCell.swift in Sources */,
				9CD3197A1EC78AEE0074693F /* TopicViewController.swift in Sources */,
				9CD3197C1EC78DE00074693F /* TopicTableViewCell.swift in Sources */,
				9CC6B9491EC71A6000867D6C /* LoginRequest.swift in Sources */,
				9CC6B92A1EC64E9F00867D6C /* NetworkManager.swift in Sources */,
				9C8A82F91E82D2AC005A0DF1 /* TextField.swift in Sources */,
				9CC6B92D1EC64E9F00867D6C /* Enumerators.swift in Sources */,
				9CD319841EC7B7A70074693F /* RegisterViewController.swift in Sources */,
				9CD319801EC7A4310074693F /* ConfirmationViewController.swift in Sources */,
				9CC6B9321EC6FE7400867D6C /* CircularImageview.swift in Sources */,
				9CF175AA1E845914000B42CE /* HomeViewController.swift in Sources */,
				9CD319861EC839690074693F /* Notification.swift in Sources */,
				9CC6B9301EC64E9F00867D6C /* Utils.swift in Sources */,
				9CD3196E1EC7593F0074693F /* AddTeamViewController.swift in Sources */,
				9CC6B9401EC7147300867D6C /* User.swift in Sources */,
				9CC6B93C1EC7147300867D6C /* BaseRequest.swift in Sources */,
				9C8A82F51E82D2AC005A0DF1 /* CardView.swift in Sources */,
				9CC6B9471EC7182F00867D6C /* Topic.swift in Sources */,
				9CD319741EC766AD0074693F /* MemberViewController.swift in Sources */,
				9CC6B91E1EC64DBB00867D6C /* BaseViewController.swift in Sources */,
				9CD319901EC859560074693F /* SwiftPicker.swift in Sources */,
				9CD319721EC762560074693F /* MemberTableViewCell.swift in Sources */,
				9C8A82F81E82D2AC005A0DF1 /* RectView.swift in Sources */,
				9C8A82DE1E82C8EE005A0DF1 /* AppDelegate.swift in Sources */,
				9CC6B92C1EC64E9F00867D6C /* Constants.swift in Sources */,
				9CD319961EC8A36E0074693F /* WebViewController.swift in Sources */,
				9CD319941EC8A01E0074693F /* SettingsTableViewController.swift in Sources */,
				9CC6B92E1EC64E9F00867D6C /* Extensions.swift in Sources */,
				9CC6B9451EC716C100867D6C /* Member.swift in Sources */,
				9CD319701EC75FD20074693F /* MemberListViewController.swift in Sources */,
			);
			runOnlyForDeploymentPostprocessing = 0;
		};
/* End PBXSourcesBuildPhase section */

/* Begin PBXVariantGroup section */
		9C8A82E11E82C8EE005A0DF1 /* Main.storyboard */ = {
			isa = PBXVariantGroup;
			children = (
				9C8A82E21E82C8EE005A0DF1 /* Base */,
			);
			name = Main.storyboard;
			sourceTree = "<group>";
		};
		9C8A82E61E82C8EE005A0DF1 /* LaunchScreen.storyboard */ = {
			isa = PBXVariantGroup;
			children = (
				9C8A82E71E82C8EE005A0DF1 /* Base */,
			);
			name = LaunchScreen.storyboard;
			sourceTree = "<group>";
		};
/* End PBXVariantGroup section */

/* Begin XCBuildConfiguration section */
		9C8A82EA1E82C8EE005A0DF1 /* Debug */ = {
			isa = XCBuildConfiguration;
			buildSettings = {
				ALWAYS_SEARCH_USER_PATHS = NO;
				CLANG_ANALYZER_NONNULL = YES;
				CLANG_CXX_LANGUAGE_STANDARD = "gnu++0x";
				CLANG_CXX_LIBRARY = "libc++";
				CLANG_ENABLE_MODULES = YES;
				CLANG_ENABLE_OBJC_ARC = YES;
				CLANG_WARN_BOOL_CONVERSION = YES;
				CLANG_WARN_CONSTANT_CONVERSION = YES;
				CLANG_WARN_DIRECT_OBJC_ISA_USAGE = YES_ERROR;
				CLANG_WARN_DOCUMENTATION_COMMENTS = YES;
				CLANG_WARN_EMPTY_BODY = YES;
				CLANG_WARN_ENUM_CONVERSION = YES;
				CLANG_WARN_INFINITE_RECURSION = YES;
				CLANG_WARN_INT_CONVERSION = YES;
				CLANG_WARN_OBJC_ROOT_CLASS = YES_ERROR;
				CLANG_WARN_SUSPICIOUS_MOVE = YES;
				CLANG_WARN_UNREACHABLE_CODE = YES;
				CLANG_WARN__DUPLICATE_METHOD_MATCH = YES;
				"CODE_SIGN_IDENTITY[sdk=iphoneos*]" = "iPhone Developer";
				COPY_PHASE_STRIP = NO;
				DEBUG_INFORMATION_FORMAT = dwarf;
				ENABLE_STRICT_OBJC_MSGSEND = YES;
				ENABLE_TESTABILITY = YES;
				GCC_C_LANGUAGE_STANDARD = gnu99;
				GCC_DYNAMIC_NO_PIC = NO;
				GCC_NO_COMMON_BLOCKS = YES;
				GCC_OPTIMIZATION_LEVEL = 0;
				GCC_PREPROCESSOR_DEFINITIONS = (
					"DEBUG=1",
					"$(inherited)",
				);
				GCC_WARN_64_TO_32_BIT_CONVERSION = YES;
				GCC_WARN_ABOUT_RETURN_TYPE = YES_ERROR;
				GCC_WARN_UNDECLARED_SELECTOR = YES;
				GCC_WARN_UNINITIALIZED_AUTOS = YES_AGGRESSIVE;
				GCC_WARN_UNUSED_FUNCTION = YES;
				GCC_WARN_UNUSED_VARIABLE = YES;
				IPHONEOS_DEPLOYMENT_TARGET = 9.0;
				MTL_ENABLE_DEBUG_INFO = YES;
				ONLY_ACTIVE_ARCH = YES;
				SDKROOT = iphoneos;
				SWIFT_ACTIVE_COMPILATION_CONDITIONS = DEBUG;
				SWIFT_OPTIMIZATION_LEVEL = "-Onone";
			};
			name = Debug;
		};
		9C8A82EB1E82C8EE005A0DF1 /* Release */ = {
			isa = XCBuildConfiguration;
			buildSettings = {
				ALWAYS_SEARCH_USER_PATHS = NO;
				CLANG_ANALYZER_NONNULL = YES;
				CLANG_CXX_LANGUAGE_STANDARD = "gnu++0x";
				CLANG_CXX_LIBRARY = "libc++";
				CLANG_ENABLE_MODULES = YES;
				CLANG_ENABLE_OBJC_ARC = YES;
				CLANG_WARN_BOOL_CONVERSION = YES;
				CLANG_WARN_CONSTANT_CONVERSION = YES;
				CLANG_WARN_DIRECT_OBJC_ISA_USAGE = YES_ERROR;
				CLANG_WARN_DOCUMENTATION_COMMENTS = YES;
				CLANG_WARN_EMPTY_BODY = YES;
				CLANG_WARN_ENUM_CONVERSION = YES;
				CLANG_WARN_INFINITE_RECURSION = YES;
				CLANG_WARN_INT_CONVERSION = YES;
				CLANG_WARN_OBJC_ROOT_CLASS = YES_ERROR;
				CLANG_WARN_SUSPICIOUS_MOVE = YES;
				CLANG_WARN_UNREACHABLE_CODE = YES;
				CLANG_WARN__DUPLICATE_METHOD_MATCH = YES;
				"CODE_SIGN_IDENTITY[sdk=iphoneos*]" = "iPhone Developer";
				COPY_PHASE_STRIP = NO;
				DEBUG_INFORMATION_FORMAT = "dwarf-with-dsym";
				ENABLE_NS_ASSERTIONS = NO;
				ENABLE_STRICT_OBJC_MSGSEND = YES;
				GCC_C_LANGUAGE_STANDARD = gnu99;
				GCC_NO_COMMON_BLOCKS = YES;
				GCC_WARN_64_TO_32_BIT_CONVERSION = YES;
				GCC_WARN_ABOUT_RETURN_TYPE = YES_ERROR;
				GCC_WARN_UNDECLARED_SELECTOR = YES;
				GCC_WARN_UNINITIALIZED_AUTOS = YES_AGGRESSIVE;
				GCC_WARN_UNUSED_FUNCTION = YES;
				GCC_WARN_UNUSED_VARIABLE = YES;
				IPHONEOS_DEPLOYMENT_TARGET = 9.0;
				MTL_ENABLE_DEBUG_INFO = NO;
				SDKROOT = iphoneos;
				SWIFT_OPTIMIZATION_LEVEL = "-Owholemodule";
				VALIDATE_PRODUCT = YES;
			};
			name = Release;
		};
		9C8A82ED1E82C8EE005A0DF1 /* Debug */ = {
			isa = XCBuildConfiguration;
			baseConfigurationReference = AAB0E05991ECCAED3BCB814C /* Pods-SmartIndia.debug.xcconfig */;
			buildSettings = {
				ASSETCATALOG_COMPILER_APPICON_NAME = AppIcon;
				CODE_SIGN_ENTITLEMENTS = SmartIndia/SmartIndia.entitlements;
				"CODE_SIGN_IDENTITY[sdk=iphoneos*]" = "iPhone Developer";
				DEVELOPMENT_TEAM = H4CEBLYLMB;
				INFOPLIST_FILE = SmartIndia/Info.plist;
				IPHONEOS_DEPLOYMENT_TARGET = 9.0;
				LD_RUNPATH_SEARCH_PATHS = "$(inherited) @executable_path/Frameworks";
				PRODUCT_BUNDLE_IDENTIFIER = com.smartindia.iOS.SmartIndia;
				PRODUCT_NAME = "$(TARGET_NAME)";
				PROVISIONING_PROFILE = "2c2443ab-9d2d-42ea-8f0c-50795b493d36";
				PROVISIONING_PROFILE_SPECIFIER = "SmartIN DMT";
				SWIFT_VERSION = 3.0;
				TARGETED_DEVICE_FAMILY = "1,2";
			};
			name = Debug;
		};
		9C8A82EE1E82C8EE005A0DF1 /* Release */ = {
			isa = XCBuildConfiguration;
			baseConfigurationReference = E0507EB2A3273A581281CEA4 /* Pods-SmartIndia.release.xcconfig */;
			buildSettings = {
				ASSETCATALOG_COMPILER_APPICON_NAME = AppIcon;
				CODE_SIGN_ENTITLEMENTS = SmartIndia/SmartIndia.entitlements;
				"CODE_SIGN_IDENTITY[sdk=iphoneos*]" = "iPhone Distribution: Techions Software Labs Private Limited (H4CEBLYLMB)";
				DEVELOPMENT_TEAM = H4CEBLYLMB;
				INFOPLIST_FILE = SmartIndia/Info.plist;
				IPHONEOS_DEPLOYMENT_TARGET = 9.0;
				LD_RUNPATH_SEARCH_PATHS = "$(inherited) @executable_path/Frameworks";
				PRODUCT_BUNDLE_IDENTIFIER = com.smartindia.iOS.SmartIndia;
				PRODUCT_NAME = "$(TARGET_NAME)";
				PROVISIONING_PROFILE = "c764f721-354c-47d6-88e0-0e75c2285dcc";
				PROVISIONING_PROFILE_SPECIFIER = "SmartIN DST";
				SWIFT_VERSION = 3.0;
				TARGETED_DEVICE_FAMILY = "1,2";
			};
			name = Release;
		};
/* End XCBuildConfiguration section */

/* Begin XCConfigurationList section */
		9C8A82D51E82C8EE005A0DF1 /* Build configuration list for PBXProject "SmartIndia" */ = {
			isa = XCConfigurationList;
			buildConfigurations = (
				9C8A82EA1E82C8EE005A0DF1 /* Debug */,
				9C8A82EB1E82C8EE005A0DF1 /* Release */,
			);
			defaultConfigurationIsVisible = 0;
			defaultConfigurationName = Release;
		};
		9C8A82EC1E82C8EE005A0DF1 /* Build configuration list for PBXNativeTarget "SmartIndia" */ = {
			isa = XCConfigurationList;
			buildConfigurations = (
				9C8A82ED1E82C8EE005A0DF1 /* Debug */,
				9C8A82EE1E82C8EE005A0DF1 /* Release */,
			);
			defaultConfigurationIsVisible = 0;
			defaultConfigurationName = Release;
		};
/* End XCConfigurationList section */
	};
	rootObject = 9C8A82D21E82C8EE005A0DF1 /* Project object */;
}
